FORGE
  remote: https://forgeapi.puppetlabs.com
  specs:
    hunner-charybdis (1.0.0)
      puppetlabs-concat (>= 1.0.0)
    puppetlabs-apt (1.7.0)
      puppetlabs-stdlib (>= 2.2.1)
    puppetlabs-concat (1.1.2)
      puppetlabs-stdlib (< 5.0.0, >= 3.2.0)
    puppetlabs-stdlib (4.5.1)

DEPENDENCIES
  hunner-charybdis (>= 0)
  puppetlabs-apt (>= 0)

